
Microsoft Visual Studio Solution File, Format Version 12.00
# Visual Studio Version 17
VisualStudioVersion = 17.1.32228.430
MinimumVisualStudioVersion = 10.0.40219.1
Project("{8BC9CEB8-8B4A-11D0-8D11-00A0C91BC942}") = "Hw3", "Domashka3\Domashka3.vcxproj", "{E87C5D2A-D94E-434D-8326-5249688B34C0}"
EndProject
Project("{8BC9CEB8-8B4A-11D0-8D11-00A0C91BC942}") = "Hw8", "Hw8\Hw8.vcxproj", "{0DFCC1CF-CD03-4764-AF54-DF97FC59400B}"
EndProject
Project("{8BC9CEB8-8B4A-11D0-8D11-00A0C91BC942}") = "Hw4", "Hw4\Hw4.vcxproj", "{4A79AC13-64F9-4383-905F-239AFB89D2DA}"
EndProject
Project("{8BC9CEB8-8B4A-11D0-8D11-00A0C91BC942}") = "Hw5", "Hw5\Hw5.vcxproj", "{F111C221-66B0-4C24-9E1B-7146D7574AA5}"
EndProject
Project("{8BC9CEB8-8B4A-11D0-8D11-00A0C91BC942}") = "Hw6", "Hw6\Hw6.vcxproj", "{93130D20-4336-4832-8A24-A942B1D4B8D6}"
EndProject
Project("{8BC9CEB8-8B4A-11D0-8D11-00A0C91BC942}") = "Hw9", "Hw9\Hw9.vcxproj", "{402B9B34-0326-4498-83CC-747A9C65E1FE}"
EndProject
Project("{8BC9CEB8-8B4A-11D0-8D11-00A0C91BC942}") = "Hw10", "Hw10\Hw10.vcxproj", "{C53F5D23-C342-425B-B4F7-9956F65B02E2}"
EndProject
Project("{8BC9CEB8-8B4A-11D0-8D11-00A0C91BC942}") = "Hw1", "Hw1\Hw1.vcxproj", "{04EA437B-4CF6-4B9A-A564-B1A6F8D58053}"
EndProject
Project("{8BC9CEB8-8B4A-11D0-8D11-00A0C91BC942}") = "Hw2", "Hw2\Hw2.vcxproj", "{084E6A67-3850-4B24-ABCF-1A742EE72EB4}"
EndProject
Project("{8BC9CEB8-8B4A-11D0-8D11-00A0C91BC942}") = "Hw7", "Hw7\Hw7.vcxproj", "{0A4A41CE-9F4C-4D22-B022-68FBF2C9257B}"
EndProject
Project("{8BC9CEB8-8B4A-11D0-8D11-00A0C91BC942}") = "Hw11", "Hw11\Hw11.vcxproj", "{B4517B23-D2FF-4459-BBD2-767E9DC8A66F}"
EndProject
Global
	GlobalSection(SolutionConfigurationPlatforms) = preSolution
		Debug|x64 = Debug|x64
		Debug|x86 = Debug|x86
		Release|x64 = Release|x64
		Release|x86 = Release|x86
	EndGlobalSection
	GlobalSection(ProjectConfigurationPlatforms) = postSolution
		{E87C5D2A-D94E-434D-8326-5249688B34C0}.Debug|x64.ActiveCfg = Debug|x64
		{E87C5D2A-D94E-434D-8326-5249688B34C0}.Debug|x64.Build.0 = Debug|x64
		{E87C5D2A-D94E-434D-8326-5249688B34C0}.Debug|x86.ActiveCfg = Debug|Win32
		{E87C5D2A-D94E-434D-8326-5249688B34C0}.Debug|x86.Build.0 = Debug|Win32
		{E87C5D2A-D94E-434D-8326-5249688B34C0}.Release|x64.ActiveCfg = Release|x64
		{E87C5D2A-D94E-434D-8326-5249688B34C0}.Release|x64.Build.0 = Release|x64
		{E87C5D2A-D94E-434D-8326-5249688B34C0}.Release|x86.ActiveCfg = Release|Win32
		{E87C5D2A-D94E-434D-8326-5249688B34C0}.Release|x86.Build.0 = Release|Win32
		{0DFCC1CF-CD03-4764-AF54-DF97FC59400B}.Debug|x64.ActiveCfg = Debug|x64
		{0DFCC1CF-CD03-4764-AF54-DF97FC59400B}.Debug|x64.Build.0 = Debug|x64
		{0DFCC1CF-CD03-4764-AF54-DF97FC59400B}.Debug|x86.ActiveCfg = Debug|Win32
		{0DFCC1CF-CD03-4764-AF54-DF97FC59400B}.Debug|x86.Build.0 = Debug|Win32
		{0DFCC1CF-CD03-4764-AF54-DF97FC59400B}.Release|x64.ActiveCfg = Release|x64
		{0DFCC1CF-CD03-4764-AF54-DF97FC59400B}.Release|x64.Build.0 = Release|x64
		{0DFCC1CF-CD03-4764-AF54-DF97FC59400B}.Release|x86.ActiveCfg = Release|Win32
		{0DFCC1CF-CD03-4764-AF54-DF97FC59400B}.Release|x86.Build.0 = Release|Win32
		{4A79AC13-64F9-4383-905F-239AFB89D2DA}.Debug|x64.ActiveCfg = Debug|x64
		{4A79AC13-64F9-4383-905F-239AFB89D2DA}.Debug|x64.Build.0 = Debug|x64
		{4A79AC13-64F9-4383-905F-239AFB89D2DA}.Debug|x86.ActiveCfg = Debug|Win32
		{4A79AC13-64F9-4383-905F-239AFB89D2DA}.Debug|x86.Build.0 = Debug|Win32
		{4A79AC13-64F9-4383-905F-239AFB89D2DA}.Release|x64.ActiveCfg = Release|x64
		{4A79AC13-64F9-4383-905F-239AFB89D2DA}.Release|x64.Build.0 = Release|x64
		{4A79AC13-64F9-4383-905F-239AFB89D2DA}.Release|x86.ActiveCfg = Release|Win32
		{4A79AC13-64F9-4383-905F-239AFB89D2DA}.Release|x86.Build.0 = Release|Win32
		{F111C221-66B0-4C24-9E1B-7146D7574AA5}.Debug|x64.ActiveCfg = Debug|x64
		{F111C221-66B0-4C24-9E1B-7146D7574AA5}.Debug|x64.Build.0 = Debug|x64
		{F111C221-66B0-4C24-9E1B-7146D7574AA5}.Debug|x86.ActiveCfg = Debug|Win32
		{F111C221-66B0-4C24-9E1B-7146D7574AA5}.Debug|x86.Build.0 = Debug|Win32
		{F111C221-66B0-4C24-9E1B-7146D7574AA5}.Release|x64.ActiveCfg = Release|x64
		{F111C221-66B0-4C24-9E1B-7146D7574AA5}.Release|x64.Build.0 = Release|x64
		{F111C221-66B0-4C24-9E1B-7146D7574AA5}.Release|x86.ActiveCfg = Release|Win32
		{F111C221-66B0-4C24-9E1B-7146D7574AA5}.Release|x86.Build.0 = Release|Win32
		{93130D20-4336-4832-8A24-A942B1D4B8D6}.Debug|x64.ActiveCfg = Debug|x64
		{93130D20-4336-4832-8A24-A942B1D4B8D6}.Debug|x64.Build.0 = Debug|x64
		{93130D20-4336-4832-8A24-A942B1D4B8D6}.Debug|x86.ActiveCfg = Debug|Win32
		{93130D20-4336-4832-8A24-A942B1D4B8D6}.Debug|x86.Build.0 = Debug|Win32
		{93130D20-4336-4832-8A24-A942B1D4B8D6}.Release|x64.ActiveCfg = Release|x64
		{93130D20-4336-4832-8A24-A942B1D4B8D6}.Release|x64.Build.0 = Release|x64
		{93130D20-4336-4832-8A24-A942B1D4B8D6}.Release|x86.ActiveCfg = Release|Win32
		{93130D20-4336-4832-8A24-A942B1D4B8D6}.Release|x86.Build.0 = Release|Win32
		{402B9B34-0326-4498-83CC-747A9C65E1FE}.Debug|x64.ActiveCfg = Debug|x64
		{402B9B34-0326-4498-83CC-747A9C65E1FE}.Debug|x64.Build.0 = Debug|x64
		{402B9B34-0326-4498-83CC-747A9C65E1FE}.Debug|x86.ActiveCfg = Debug|Win32
		{402B9B34-0326-4498-83CC-747A9C65E1FE}.Debug|x86.Build.0 = Debug|Win32
		{402B9B34-0326-4498-83CC-747A9C65E1FE}.Release|x64.ActiveCfg = Release|x64
		{402B9B34-0326-4498-83CC-747A9C65E1FE}.Release|x64.Build.0 = Release|x64
		{402B9B34-0326-4498-83CC-747A9C65E1FE}.Release|x86.ActiveCfg = Release|Win32
		{402B9B34-0326-4498-83CC-747A9C65E1FE}.Release|x86.Build.0 = Release|Win32
		{C53F5D23-C342-425B-B4F7-9956F65B02E2}.Debug|x64.ActiveCfg = Debug|x64
		{C53F5D23-C342-425B-B4F7-9956F65B02E2}.Debug|x64.Build.0 = Debug|x64
		{C53F5D23-C342-425B-B4F7-9956F65B02E2}.Debug|x86.ActiveCfg = Debug|Win32
		{C53F5D23-C342-425B-B4F7-9956F65B02E2}.Debug|x86.Build.0 = Debug|Win32
		{C53F5D23-C342-425B-B4F7-9956F65B02E2}.Release|x64.ActiveCfg = Release|x64
		{C53F5D23-C342-425B-B4F7-9956F65B02E2}.Release|x64.Build.0 = Release|x64
		{C53F5D23-C342-425B-B4F7-9956F65B02E2}.Release|x86.ActiveCfg = Release|Win32
		{C53F5D23-C342-425B-B4F7-9956F65B02E2}.Release|x86.Build.0 = Release|Win32
		{04EA437B-4CF6-4B9A-A564-B1A6F8D58053}.Debug|x64.ActiveCfg = Debug|x64
		{04EA437B-4CF6-4B9A-A564-B1A6F8D58053}.Debug|x64.Build.0 = Debug|x64
		{04EA437B-4CF6-4B9A-A564-B1A6F8D58053}.Debug|x86.ActiveCfg = Debug|Win32
		{04EA437B-4CF6-4B9A-A564-B1A6F8D58053}.Debug|x86.Build.0 = Debug|Win32
		{04EA437B-4CF6-4B9A-A564-B1A6F8D58053}.Release|x64.ActiveCfg = Release|x64
		{04EA437B-4CF6-4B9A-A564-B1A6F8D58053}.Release|x64.Build.0 = Release|x64
		{04EA437B-4CF6-4B9A-A564-B1A6F8D58053}.Release|x86.ActiveCfg = Release|Win32
		{04EA437B-4CF6-4B9A-A564-B1A6F8D58053}.Release|x86.Build.0 = Release|Win32
		{084E6A67-3850-4B24-ABCF-1A742EE72EB4}.Debug|x64.ActiveCfg = Debug|x64
		{084E6A67-3850-4B24-ABCF-1A742EE72EB4}.Debug|x64.Build.0 = Debug|x64
		{084E6A67-3850-4B24-ABCF-1A742EE72EB4}.Debug|x86.ActiveCfg = Debug|Win32
		{084E6A67-3850-4B24-ABCF-1A742EE72EB4}.Debug|x86.Build.0 = Debug|Win32
		{084E6A67-3850-4B24-ABCF-1A742EE72EB4}.Release|x64.ActiveCfg = Release|x64
		{084E6A67-3850-4B24-ABCF-1A742EE72EB4}.Release|x64.Build.0 = Release|x64
		{084E6A67-3850-4B24-ABCF-1A742EE72EB4}.Release|x86.ActiveCfg = Release|Win32
		{084E6A67-3850-4B24-ABCF-1A742EE72EB4}.Release|x86.Build.0 = Release|Win32
		{0A4A41CE-9F4C-4D22-B022-68FBF2C9257B}.Debug|x64.ActiveCfg = Debug|x64
		{0A4A41CE-9F4C-4D22-B022-68FBF2C9257B}.Debug|x64.Build.0 = Debug|x64
		{0A4A41CE-9F4C-4D22-B022-68FBF2C9257B}.Debug|x86.ActiveCfg = Debug|Win32
		{0A4A41CE-9F4C-4D22-B022-68FBF2C9257B}.Debug|x86.Build.0 = Debug|Win32
		{0A4A41CE-9F4C-4D22-B022-68FBF2C9257B}.Release|x64.ActiveCfg = Release|x64
		{0A4A41CE-9F4C-4D22-B022-68FBF2C9257B}.Release|x64.Build.0 = Release|x64
		{0A4A41CE-9F4C-4D22-B022-68FBF2C9257B}.Release|x86.ActiveCfg = Release|Win32
		{0A4A41CE-9F4C-4D22-B022-68FBF2C9257B}.Release|x86.Build.0 = Release|Win32
		{B4517B23-D2FF-4459-BBD2-767E9DC8A66F}.Debug|x64.ActiveCfg = Debug|x64
		{B4517B23-D2FF-4459-BBD2-767E9DC8A66F}.Debug|x64.Build.0 = Debug|x64
		{B4517B23-D2FF-4459-BBD2-767E9DC8A66F}.Debug|x86.ActiveCfg = Debug|Win32
		{B4517B23-D2FF-4459-BBD2-767E9DC8A66F}.Debug|x86.Build.0 = Debug|Win32
		{B4517B23-D2FF-4459-BBD2-767E9DC8A66F}.Release|x64.ActiveCfg = Release|x64
		{B4517B23-D2FF-4459-BBD2-767E9DC8A66F}.Release|x64.Build.0 = Release|x64
		{B4517B23-D2FF-4459-BBD2-767E9DC8A66F}.Release|x86.ActiveCfg = Release|Win32
		{B4517B23-D2FF-4459-BBD2-767E9DC8A66F}.Release|x86.Build.0 = Release|Win32
	EndGlobalSection
	GlobalSection(SolutionProperties) = preSolution
		HideSolutionNode = FALSE
	EndGlobalSection
	GlobalSection(ExtensibilityGlobals) = postSolution
		SolutionGuid = {3877B8DB-DC07-4DFA-A857-A5ACDF2DC6EE}
	EndGlobalSection
EndGlobal
